
Microsoft Visual Studio Solution File, Format Version 12.00
# Visual Studio Version 17
VisualStudioVersion = 17.0.31903.59
MinimumVisualStudioVersion = 10.0.40219.1
Project("{2150E333-8FDC-42A3-9474-1A3956D46DE8}") = "src", "src", "{ABC30747-2987-47BB-891E-1305E650FAA5}"
EndProject
Project("{9A19103F-16F7-4668-BE54-9A1E7A4F7556}") = "Mini-Serializer-Deserializer", "src\Mini-Serializer-Deserializer\Mini-Serializer-Deserializer.csproj", "{7BC43822-5279-4038-B019-BFD9C1577FDD}"
EndProject
Project("{2150E333-8FDC-42A3-9474-1A3956D46DE8}") = "tests", "tests", "{E03CA4D8-E875-4BC0-A10A-B88433524728}"
EndProject
Project("{2150E333-8FDC-42A3-9474-1A3956D46DE8}") = "unit tests", "unit tests", "{616113DD-F079-4214-9B54-587CD6BC7917}"
EndProject
Project("{9A19103F-16F7-4668-BE54-9A1E7A4F7556}") = "MiniSerializerDeserializer.UnitTests", "tests\MiniSerializerDeserializer.UnitTests\MiniSerializerDeserializer.UnitTests.csproj", "{DA3AA5AB-0E02-42F9-B484-C2AED878EE5D}"
EndProject
Global
	GlobalSection(SolutionConfigurationPlatforms) = preSolution
		Debug|Any CPU = Debug|Any CPU
		Release|Any CPU = Release|Any CPU
	EndGlobalSection
	GlobalSection(ProjectConfigurationPlatforms) = postSolution
		{7BC43822-5279-4038-B019-BFD9C1577FDD}.Debug|Any CPU.ActiveCfg = Debug|Any CPU
		{7BC43822-5279-4038-B019-BFD9C1577FDD}.Debug|Any CPU.Build.0 = Debug|Any CPU
		{7BC43822-5279-4038-B019-BFD9C1577FDD}.Release|Any CPU.ActiveCfg = Release|Any CPU
		{7BC43822-5279-4038-B019-BFD9C1577FDD}.Release|Any CPU.Build.0 = Release|Any CPU
		{DA3AA5AB-0E02-42F9-B484-C2AED878EE5D}.Debug|Any CPU.ActiveCfg = Debug|Any CPU
		{DA3AA5AB-0E02-42F9-B484-C2AED878EE5D}.Debug|Any CPU.Build.0 = Debug|Any CPU
		{DA3AA5AB-0E02-42F9-B484-C2AED878EE5D}.Release|Any CPU.ActiveCfg = Release|Any CPU
		{DA3AA5AB-0E02-42F9-B484-C2AED878EE5D}.Release|Any CPU.Build.0 = Release|Any CPU
	EndGlobalSection
	GlobalSection(SolutionProperties) = preSolution
		HideSolutionNode = FALSE
	EndGlobalSection
	GlobalSection(NestedProjects) = preSolution
		{7BC43822-5279-4038-B019-BFD9C1577FDD} = {ABC30747-2987-47BB-891E-1305E650FAA5}
		{616113DD-F079-4214-9B54-587CD6BC7917} = {E03CA4D8-E875-4BC0-A10A-B88433524728}
		{DA3AA5AB-0E02-42F9-B484-C2AED878EE5D} = {616113DD-F079-4214-9B54-587CD6BC7917}
	EndGlobalSection
	GlobalSection(ExtensibilityGlobals) = postSolution
		SolutionGuid = {7C36B318-9DAF-4875-958D-4EB2C2560A0E}
	EndGlobalSection
EndGlobal
